
Microsoft Visual Studio Solution File, Format Version 12.00
# Visual Studio Version 16
VisualStudioVersion = 16.0.30804.86
MinimumVisualStudioVersion = 10.0.40219.1
Project("{9A19103F-16F7-4668-BE54-9A1E7A4F7556}") = "ACCESSOR", "ACCESSOR.csproj", "{D9E340E0-07BD-4CC0-BBAD-9E9300BF4ECC}"
EndProject
Project("{FAE04EC0-301F-11D3-BF4B-00C04F79EFBC}") = "ApiAccessor", "ApiAccessor\ApiAccessor.csproj", "{28FEA5BE-E7C5-4D73-8FE1-F8FE4D63874C}"
EndProject
Global
	GlobalSection(SolutionConfigurationPlatforms) = preSolution
		Debug|Any CPU = Debug|Any CPU
		Release|Any CPU = Release|Any CPU
	EndGlobalSection
	GlobalSection(ProjectConfigurationPlatforms) = postSolution
		{D9E340E0-07BD-4CC0-BBAD-9E9300BF4ECC}.Debug|Any CPU.ActiveCfg = Debug|Any CPU
		{D9E340E0-07BD-4CC0-BBAD-9E9300BF4ECC}.Debug|Any CPU.Build.0 = Debug|Any CPU
		{D9E340E0-07BD-4CC0-BBAD-9E9300BF4ECC}.Release|Any CPU.ActiveCfg = Release|Any CPU
		{D9E340E0-07BD-4CC0-BBAD-9E9300BF4ECC}.Release|Any CPU.Build.0 = Release|Any CPU
		{28FEA5BE-E7C5-4D73-8FE1-F8FE4D63874C}.Debug|Any CPU.ActiveCfg = Debug|Any CPU
		{28FEA5BE-E7C5-4D73-8FE1-F8FE4D63874C}.Debug|Any CPU.Build.0 = Debug|Any CPU
		{28FEA5BE-E7C5-4D73-8FE1-F8FE4D63874C}.Release|Any CPU.ActiveCfg = Release|Any CPU
		{28FEA5BE-E7C5-4D73-8FE1-F8FE4D63874C}.Release|Any CPU.Build.0 = Release|Any CPU
	EndGlobalSection
	GlobalSection(SolutionProperties) = preSolution
		HideSolutionNode = FALSE
	EndGlobalSection
	GlobalSection(ExtensibilityGlobals) = postSolution
		SolutionGuid = {DF627CC7-0C66-4233-9C5A-94B7F7E180CD}
	EndGlobalSection
EndGlobal
